
Microsoft Visual Studio Solution File, Format Version 12.00
# Visual Studio Version 17
VisualStudioVersion = 17.14.36202.13 d17.14
MinimumVisualStudioVersion = 10.0.40219.1
Project("{FAE04EC0-301F-11D3-BF4B-00C04F79EFBC}") = "TeamTaskManager", "TeamTaskManager\TeamTaskManager.csproj", "{93054E3F-2342-4C47-97DE-45331A2772ED}"
EndProject
Global
	GlobalSection(SolutionConfigurationPlatforms) = preSolution
		Debug|Any CPU = Debug|Any CPU
		Release|Any CPU = Release|Any CPU
	EndGlobalSection
	GlobalSection(ProjectConfigurationPlatforms) = postSolution
		{93054E3F-2342-4C47-97DE-45331A2772ED}.Debug|Any CPU.ActiveCfg = Debug|Any CPU
		{93054E3F-2342-4C47-97DE-45331A2772ED}.Debug|Any CPU.Build.0 = Debug|Any CPU
		{93054E3F-2342-4C47-97DE-45331A2772ED}.Release|Any CPU.ActiveCfg = Release|Any CPU
		{93054E3F-2342-4C47-97DE-45331A2772ED}.Release|Any CPU.Build.0 = Release|Any CPU
	EndGlobalSection
	GlobalSection(SolutionProperties) = preSolution
		HideSolutionNode = FALSE
	EndGlobalSection
	GlobalSection(ExtensibilityGlobals) = postSolution
		SolutionGuid = {6D672DD8-19D9-4721-952D-FC7B840581A9}
	EndGlobalSection
EndGlobal
